
Microsoft Visual Studio Solution File, Format Version 12.00
# Visual Studio 14
VisualStudioVersion = 14.0.25420.1
MinimumVisualStudioVersion = 10.0.40219.1
Project("{E24C65DC-7377-472B-9ABA-BC803B73C61A}") = "Website", "Website\", "{78290604-6B78-4C05-A747-EA597B6E3F21}"
	ProjectSection(WebsiteProperties) = preProject
		TargetFrameworkMoniker = ".NETFramework,Version%3Dv4.5.2"
		ProjectReferences = "{b6b9156b-3719-4e95-8797-b90cefa9fdde}|ChinookSystem.dll;{d860c371-1503-4b08-8419-26e3bb604765}|ChinookSystem.Data.dll;"
		Debug.AspNetCompiler.VirtualPath = "/localhost_4513"
		Debug.AspNetCompiler.PhysicalPath = "Website\"
		Debug.AspNetCompiler.TargetPath = "PrecompiledWeb\localhost_4513\"
		Debug.AspNetCompiler.Updateable = "true"
		Debug.AspNetCompiler.ForceOverwrite = "true"
		Debug.AspNetCompiler.FixedNames = "false"
		Debug.AspNetCompiler.Debug = "True"
		Release.AspNetCompiler.VirtualPath = "/localhost_4513"
		Release.AspNetCompiler.PhysicalPath = "Website\"
		Release.AspNetCompiler.TargetPath = "PrecompiledWeb\localhost_4513\"
		Release.AspNetCompiler.Updateable = "true"
		Release.AspNetCompiler.ForceOverwrite = "true"
		Release.AspNetCompiler.FixedNames = "false"
		Release.AspNetCompiler.Debug = "False"
		VWDPort = "4513"
		SlnRelativePath = "Website\"
		DefaultWebSiteLanguage = "Visual C#"
	EndProjectSection
EndProject
Project("{FAE04EC0-301F-11D3-BF4B-00C04F79EFBC}") = "ChinookSystem", "ChinookSystem\ChinookSystem.csproj", "{B6B9156B-3719-4E95-8797-B90CEFA9FDDE}"
EndProject
Project("{FAE04EC0-301F-11D3-BF4B-00C04F79EFBC}") = "ChinookSystem.Data", "ChinookSystem.Data\ChinookSystem.Data.csproj", "{D860C371-1503-4B08-8419-26E3BB604765}"
EndProject
Global
	GlobalSection(SolutionConfigurationPlatforms) = preSolution
		Debug|Any CPU = Debug|Any CPU
		Release|Any CPU = Release|Any CPU
	EndGlobalSection
	GlobalSection(ProjectConfigurationPlatforms) = postSolution
		{78290604-6B78-4C05-A747-EA597B6E3F21}.Debug|Any CPU.ActiveCfg = Debug|Any CPU
		{78290604-6B78-4C05-A747-EA597B6E3F21}.Debug|Any CPU.Build.0 = Debug|Any CPU
		{78290604-6B78-4C05-A747-EA597B6E3F21}.Release|Any CPU.ActiveCfg = Debug|Any CPU
		{78290604-6B78-4C05-A747-EA597B6E3F21}.Release|Any CPU.Build.0 = Debug|Any CPU
		{B6B9156B-3719-4E95-8797-B90CEFA9FDDE}.Debug|Any CPU.ActiveCfg = Debug|Any CPU
		{B6B9156B-3719-4E95-8797-B90CEFA9FDDE}.Debug|Any CPU.Build.0 = Debug|Any CPU
		{B6B9156B-3719-4E95-8797-B90CEFA9FDDE}.Release|Any CPU.ActiveCfg = Release|Any CPU
		{B6B9156B-3719-4E95-8797-B90CEFA9FDDE}.Release|Any CPU.Build.0 = Release|Any CPU
		{D860C371-1503-4B08-8419-26E3BB604765}.Debug|Any CPU.ActiveCfg = Debug|Any CPU
		{D860C371-1503-4B08-8419-26E3BB604765}.Debug|Any CPU.Build.0 = Debug|Any CPU
		{D860C371-1503-4B08-8419-26E3BB604765}.Release|Any CPU.ActiveCfg = Release|Any CPU
		{D860C371-1503-4B08-8419-26E3BB604765}.Release|Any CPU.Build.0 = Release|Any CPU
	EndGlobalSection
	GlobalSection(SolutionProperties) = preSolution
		HideSolutionNode = FALSE
	EndGlobalSection
EndGlobal
